// !$*UTF8*$!
{
	archiveVersion = 1;
	classes = {
	};
	objectVersion = 48;
	objects = {

/* Begin PBXBuildFile section */
		065BCD6922099D340072A656 /* AppDelegate.swift in Sources */ = {isa = PBXBuildFile; fileRef = 065BCD6822099D340072A656 /* AppDelegate.swift */; };
		065BCD6B22099D340072A656 /* ViewController.swift in Sources */ = {isa = PBXBuildFile; fileRef = 065BCD6A22099D340072A656 /* ViewController.swift */; };
		065BCD6E22099D340072A656 /* Main.storyboard in Resources */ = {isa = PBXBuildFile; fileRef = 065BCD6C22099D340072A656 /* Main.storyboard */; };
		065BCD7022099D340072A656 /* Assets.xcassets in Resources */ = {isa = PBXBuildFile; fileRef = 065BCD6F22099D340072A656 /* Assets.xcassets */; };
		065BCD7322099D340072A656 /* LaunchScreen.storyboard in Resources */ = {isa = PBXBuildFile; fileRef = 065BCD7122099D340072A656 /* LaunchScreen.storyboard */; };
		06EE046F22295FB6007C2332 /* Tuner.swift in Sources */ = {isa = PBXBuildFile; fileRef = 06EE046C22295FB5007C2332 /* Tuner.swift */; };
		2C5DC86F8FE907A3B2EDD706 /* Pods_Concentration.framework in Frameworks */ = {isa = PBXBuildFile; fileRef = 6CF7BD999AFA5C911B9F54F9 /* Pods_Concentration.framework */; };
		7100BF23224E74D1009EC50B /* CompetitionController.swift in Sources */ = {isa = PBXBuildFile; fileRef = 7100BF22224E74D1009EC50B /* CompetitionController.swift */; };
		7100BF25224E7507009EC50B /* Competitor.swift in Sources */ = {isa = PBXBuildFile; fileRef = 7100BF24224E7507009EC50B /* Competitor.swift */; };
		7100BF27224E7B1B009EC50B /* CompetingController.swift in Sources */ = {isa = PBXBuildFile; fileRef = 7100BF26224E7B1B009EC50B /* CompetingController.swift */; };
		7100BF29224E8391009EC50B /* WinnerController.swift in Sources */ = {isa = PBXBuildFile; fileRef = 7100BF28224E8391009EC50B /* WinnerController.swift */; };
		711FA55C225265F7002A08D8 /* TutorialView.swift in Sources */ = {isa = PBXBuildFile; fileRef = 711FA55B225265F7002A08D8 /* TutorialView.swift */; };
		716988C9224BC1F2008594F2 /* time_track.swift in Sources */ = {isa = PBXBuildFile; fileRef = 716988C7224BC1F2008594F2 /* time_track.swift */; };
		717B251A224A73C200BFF45C /* ViewController3.swift in Sources */ = {isa = PBXBuildFile; fileRef = 717B2519224A73C200BFF45C /* ViewController3.swift */; };
		717EE730223FA7A9003862C8 /* UserInterface.swift in Sources */ = {isa = PBXBuildFile; fileRef = 717EE72F223FA7A9003862C8 /* UserInterface.swift */; };
		71959E39224E5F7E008A96DA /* CheckUsers.swift in Sources */ = {isa = PBXBuildFile; fileRef = 71959E38224E5F7E008A96DA /* CheckUsers.swift */; };
		71959E50224E603D008A96DA /* ACTRWindowView.swift in Sources */ = {isa = PBXBuildFile; fileRef = 71959E3F224E603D008A96DA /* ACTRWindowView.swift */; };
		71959E51224E603D008A96DA /* BufferAction.swift in Sources */ = {isa = PBXBuildFile; fileRef = 71959E40224E603D008A96DA /* BufferAction.swift */; };
		71959E52224E603D008A96DA /* BufferCondition.swift in Sources */ = {isa = PBXBuildFile; fileRef = 71959E41224E603D008A96DA /* BufferCondition.swift */; };
		71959E53224E603D008A96DA /* Chunk.swift in Sources */ = {isa = PBXBuildFile; fileRef = 71959E42224E603D008A96DA /* Chunk.swift */; };
		71959E54224E603D008A96DA /* Declarative.swift in Sources */ = {isa = PBXBuildFile; fileRef = 71959E43224E603D008A96DA /* Declarative.swift */; };
		71959E55224E603D008A96DA /* FocusRing.swift in Sources */ = {isa = PBXBuildFile; fileRef = 71959E44224E603D008A96DA /* FocusRing.swift */; };
		71959E56224E603D008A96DA /* Instantiation.swift in Sources */ = {isa = PBXBuildFile; fileRef = 71959E45224E603D008A96DA /* Instantiation.swift */; };
		71959E57224E603D008A96DA /* Model.swift in Sources */ = {isa = PBXBuildFile; fileRef = 71959E46224E603D008A96DA /* Model.swift */; };
		71959E58224E603D008A96DA /* Parser.swift in Sources */ = {isa = PBXBuildFile; fileRef = 71959E47224E603D008A96DA /* Parser.swift */; };
		71959E59224E603D008A96DA /* Procedural.swift in Sources */ = {isa = PBXBuildFile; fileRef = 71959E48224E603D008A96DA /* Procedural.swift */; };
		71959E5A224E603D008A96DA /* Production.swift in Sources */ = {isa = PBXBuildFile; fileRef = 71959E49224E603D008A96DA /* Production.swift */; };
		71959E5B224E603D008A96DA /* SlotAction.swift in Sources */ = {isa = PBXBuildFile; fileRef = 71959E4A224E603D008A96DA /* SlotAction.swift */; };
		71959E5C224E603D008A96DA /* SlotCondition.swift in Sources */ = {isa = PBXBuildFile; fileRef = 71959E4B224E603D008A96DA /* SlotCondition.swift */; };
		71959E5D224E603D008A96DA /* Support.swift in Sources */ = {isa = PBXBuildFile; fileRef = 71959E4C224E603D008A96DA /* Support.swift */; };
		71959E5E224E603D008A96DA /* Temporal.swift in Sources */ = {isa = PBXBuildFile; fileRef = 71959E4D224E603D008A96DA /* Temporal.swift */; };
		71959E5F224E603D008A96DA /* Tokenizer.swift in Sources */ = {isa = PBXBuildFile; fileRef = 71959E4E224E603D008A96DA /* Tokenizer.swift */; };
		71959E60224E603D008A96DA /* Vision.swift in Sources */ = {isa = PBXBuildFile; fileRef = 71959E4F224E603D008A96DA /* Vision.swift */; };
		71959E62224E615D008A96DA /* ViewControllerUser.swift in Sources */ = {isa = PBXBuildFile; fileRef = 71959E61224E615D008A96DA /* ViewControllerUser.swift */; };
		71959E64224E7350008A96DA /* cogmodel.swift in Sources */ = {isa = PBXBuildFile; fileRef = 71959E63224E7350008A96DA /* cogmodel.swift */; };
		719FCB6A2244E643002F72F2 /* ViewController2.swift in Sources */ = {isa = PBXBuildFile; fileRef = 719FCB692244E643002F72F2 /* ViewController2.swift */; };
/* End PBXBuildFile section */

/* Begin PBXFileReference section */
		065BCD6522099D340072A656 /* Concentration.app */ = {isa = PBXFileReference; explicitFileType = wrapper.application; includeInIndex = 0; path = Concentration.app; sourceTree = BUILT_PRODUCTS_DIR; };
		065BCD6822099D340072A656 /* AppDelegate.swift */ = {isa = PBXFileReference; lastKnownFileType = sourcecode.swift; path = AppDelegate.swift; sourceTree = "<group>"; };
		065BCD6A22099D340072A656 /* ViewController.swift */ = {isa = PBXFileReference; lastKnownFileType = sourcecode.swift; path = ViewController.swift; sourceTree = "<group>"; };
		065BCD6D22099D340072A656 /* Base */ = {isa = PBXFileReference; lastKnownFileType = file.storyboard; name = Base; path = Base.lproj/Main.storyboard; sourceTree = "<group>"; };
		065BCD6F22099D340072A656 /* Assets.xcassets */ = {isa = PBXFileReference; lastKnownFileType = folder.assetcatalog; path = Assets.xcassets; sourceTree = "<group>"; };
		065BCD7222099D340072A656 /* Base */ = {isa = PBXFileReference; lastKnownFileType = file.storyboard; name = Base; path = Base.lproj/LaunchScreen.storyboard; sourceTree = "<group>"; };
		065BCD7422099D340072A656 /* Info.plist */ = {isa = PBXFileReference; lastKnownFileType = text.plist.xml; path = Info.plist; sourceTree = "<group>"; };
		06EE046C22295FB5007C2332 /* Tuner.swift */ = {isa = PBXFileReference; lastKnownFileType = sourcecode.swift; path = Tuner.swift; sourceTree = "<group>"; };
		081FDFDF5889ACE9A13EDE42 /* Pods-Concentration.release.xcconfig */ = {isa = PBXFileReference; includeInIndex = 1; lastKnownFileType = text.xcconfig; name = "Pods-Concentration.release.xcconfig"; path = "Target Support Files/Pods-Concentration/Pods-Concentration.release.xcconfig"; sourceTree = "<group>"; };
		6CF7BD999AFA5C911B9F54F9 /* Pods_Concentration.framework */ = {isa = PBXFileReference; explicitFileType = wrapper.framework; includeInIndex = 0; path = Pods_Concentration.framework; sourceTree = BUILT_PRODUCTS_DIR; };
		7100BF22224E74D1009EC50B /* CompetitionController.swift */ = {isa = PBXFileReference; lastKnownFileType = sourcecode.swift; path = CompetitionController.swift; sourceTree = "<group>"; };
		7100BF24224E7507009EC50B /* Competitor.swift */ = {isa = PBXFileReference; lastKnownFileType = sourcecode.swift; path = Competitor.swift; sourceTree = "<group>"; };
		7100BF26224E7B1B009EC50B /* CompetingController.swift */ = {isa = PBXFileReference; lastKnownFileType = sourcecode.swift; path = CompetingController.swift; sourceTree = "<group>"; };
		7100BF28224E8391009EC50B /* WinnerController.swift */ = {isa = PBXFileReference; lastKnownFileType = sourcecode.swift; path = WinnerController.swift; sourceTree = "<group>"; };
		711FA55B225265F7002A08D8 /* TutorialView.swift */ = {isa = PBXFileReference; fileEncoding = 4; lastKnownFileType = sourcecode.swift; path = TutorialView.swift; sourceTree = "<group>"; };
		716988C7224BC1F2008594F2 /* time_track.swift */ = {isa = PBXFileReference; lastKnownFileType = sourcecode.swift; name = time_track.swift; path = "/Users/s3734277/Desktop/cognitive-modelling-app/Concentration/time_track.swift"; sourceTree = "<absolute>"; };
		717B2519224A73C200BFF45C /* ViewController3.swift */ = {isa = PBXFileReference; lastKnownFileType = sourcecode.swift; path = ViewController3.swift; sourceTree = "<group>"; };
		717EE72F223FA7A9003862C8 /* UserInterface.swift */ = {isa = PBXFileReference; lastKnownFileType = sourcecode.swift; name = UserInterface.swift; path = "/Users/s3734277/Desktop/cognitive-modelling-app/Concentration/UserInterface.swift"; sourceTree = "<absolute>"; };
		71959E38224E5F7E008A96DA /* CheckUsers.swift */ = {isa = PBXFileReference; fileEncoding = 4; lastKnownFileType = sourcecode.swift; path = CheckUsers.swift; sourceTree = "<group>"; };
		71959E3F224E603D008A96DA /* ACTRWindowView.swift */ = {isa = PBXFileReference; fileEncoding = 4; lastKnownFileType = sourcecode.swift; path = ACTRWindowView.swift; sourceTree = "<group>"; };
		71959E40224E603D008A96DA /* BufferAction.swift */ = {isa = PBXFileReference; fileEncoding = 4; lastKnownFileType = sourcecode.swift; path = BufferAction.swift; sourceTree = "<group>"; };
		71959E41224E603D008A96DA /* BufferCondition.swift */ = {isa = PBXFileReference; fileEncoding = 4; lastKnownFileType = sourcecode.swift; path = BufferCondition.swift; sourceTree = "<group>"; };
		71959E42224E603D008A96DA /* Chunk.swift */ = {isa = PBXFileReference; fileEncoding = 4; lastKnownFileType = sourcecode.swift; path = Chunk.swift; sourceTree = "<group>"; };
		71959E43224E603D008A96DA /* Declarative.swift */ = {isa = PBXFileReference; fileEncoding = 4; lastKnownFileType = sourcecode.swift; path = Declarative.swift; sourceTree = "<group>"; };
		71959E44224E603D008A96DA /* FocusRing.swift */ = {isa = PBXFileReference; fileEncoding = 4; lastKnownFileType = sourcecode.swift; path = FocusRing.swift; sourceTree = "<group>"; };
		71959E45224E603D008A96DA /* Instantiation.swift */ = {isa = PBXFileReference; fileEncoding = 4; lastKnownFileType = sourcecode.swift; path = Instantiation.swift; sourceTree = "<group>"; };
		71959E46224E603D008A96DA /* Model.swift */ = {isa = PBXFileReference; fileEncoding = 4; lastKnownFileType = sourcecode.swift; path = Model.swift; sourceTree = "<group>"; };
		71959E47224E603D008A96DA /* Parser.swift */ = {isa = PBXFileReference; fileEncoding = 4; lastKnownFileType = sourcecode.swift; path = Parser.swift; sourceTree = "<group>"; };
		71959E48224E603D008A96DA /* Procedural.swift */ = {isa = PBXFileReference; fileEncoding = 4; lastKnownFileType = sourcecode.swift; path = Procedural.swift; sourceTree = "<group>"; };
		71959E49224E603D008A96DA /* Production.swift */ = {isa = PBXFileReference; fileEncoding = 4; lastKnownFileType = sourcecode.swift; path = Production.swift; sourceTree = "<group>"; };
		71959E4A224E603D008A96DA /* SlotAction.swift */ = {isa = PBXFileReference; fileEncoding = 4; lastKnownFileType = sourcecode.swift; path = SlotAction.swift; sourceTree = "<group>"; };
		71959E4B224E603D008A96DA /* SlotCondition.swift */ = {isa = PBXFileReference; fileEncoding = 4; lastKnownFileType = sourcecode.swift; path = SlotCondition.swift; sourceTree = "<group>"; };
		71959E4C224E603D008A96DA /* Support.swift */ = {isa = PBXFileReference; fileEncoding = 4; lastKnownFileType = sourcecode.swift; path = Support.swift; sourceTree = "<group>"; };
		71959E4D224E603D008A96DA /* Temporal.swift */ = {isa = PBXFileReference; fileEncoding = 4; lastKnownFileType = sourcecode.swift; path = Temporal.swift; sourceTree = "<group>"; };
		71959E4E224E603D008A96DA /* Tokenizer.swift */ = {isa = PBXFileReference; fileEncoding = 4; lastKnownFileType = sourcecode.swift; path = Tokenizer.swift; sourceTree = "<group>"; };
		71959E4F224E603D008A96DA /* Vision.swift */ = {isa = PBXFileReference; fileEncoding = 4; lastKnownFileType = sourcecode.swift; path = Vision.swift; sourceTree = "<group>"; };
		71959E61224E615D008A96DA /* ViewControllerUser.swift */ = {isa = PBXFileReference; lastKnownFileType = sourcecode.swift; name = ViewControllerUser.swift; path = "/Users/s3734277/Desktop/cognitive-modelling-app/Concentration/ViewControllerUser.swift"; sourceTree = "<absolute>"; };
		71959E63224E7350008A96DA /* cogmodel.swift */ = {isa = PBXFileReference; fileEncoding = 4; lastKnownFileType = sourcecode.swift; path = cogmodel.swift; sourceTree = "<group>"; };
		719FCB692244E643002F72F2 /* ViewController2.swift */ = {isa = PBXFileReference; lastKnownFileType = sourcecode.swift; path = ViewController2.swift; sourceTree = "<group>"; };
		90877ADD02EDE3C7FF5BE8F1 /* Pods-Concentration.debug.xcconfig */ = {isa = PBXFileReference; includeInIndex = 1; lastKnownFileType = text.xcconfig; name = "Pods-Concentration.debug.xcconfig"; path = "Target Support Files/Pods-Concentration/Pods-Concentration.debug.xcconfig"; sourceTree = "<group>"; };
/* End PBXFileReference section */

/* Begin PBXFrameworksBuildPhase section */
		065BCD6222099D340072A656 /* Frameworks */ = {
			isa = PBXFrameworksBuildPhase;
			buildActionMask = 2147483647;
			files = (
				2C5DC86F8FE907A3B2EDD706 /* Pods_Concentration.framework in Frameworks */,
			);
			runOnlyForDeploymentPostprocessing = 0;
		};
/* End PBXFrameworksBuildPhase section */

/* Begin PBXGroup section */
		065BCD5C22099D340072A656 = {
			isa = PBXGroup;
			children = (
				71959E3E224E603D008A96DA /* ACTR copy */,
				065BCD6722099D340072A656 /* Concentration */,
				065BCD6622099D340072A656 /* Products */,
				FEAF279251EE792C227E0692 /* Pods */,
				457B76CB6A7E63BF1CDB03FF /* Frameworks */,
			);
			sourceTree = "<group>";
		};
		065BCD6622099D340072A656 /* Products */ = {
			isa = PBXGroup;
			children = (
				065BCD6522099D340072A656 /* Concentration.app */,
			);
			name = Products;
			sourceTree = "<group>";
		};
		065BCD6722099D340072A656 /* Concentration */ = {
			isa = PBXGroup;
			children = (
				71959E61224E615D008A96DA /* ViewControllerUser.swift */,
				71959E38224E5F7E008A96DA /* CheckUsers.swift */,
				716988C7224BC1F2008594F2 /* time_track.swift */,
				7100BF28224E8391009EC50B /* WinnerController.swift */,
				71959E63224E7350008A96DA /* cogmodel.swift */,
				717EE72F223FA7A9003862C8 /* UserInterface.swift */,
				711FA55B225265F7002A08D8 /* TutorialView.swift */,
				717B2519224A73C200BFF45C /* ViewController3.swift */,
				06EE046C22295FB5007C2332 /* Tuner.swift */,
				065BCD6822099D340072A656 /* AppDelegate.swift */,
				065BCD6A22099D340072A656 /* ViewController.swift */,
				065BCD6C22099D340072A656 /* Main.storyboard */,
				7100BF26224E7B1B009EC50B /* CompetingController.swift */,
				7100BF22224E74D1009EC50B /* CompetitionController.swift */,
				7100BF24224E7507009EC50B /* Competitor.swift */,
				719FCB692244E643002F72F2 /* ViewController2.swift */,
				065BCD6F22099D340072A656 /* Assets.xcassets */,
				065BCD7122099D340072A656 /* LaunchScreen.storyboard */,
				065BCD7422099D340072A656 /* Info.plist */,
			);
			path = Concentration;
			sourceTree = "<group>";
		};
		457B76CB6A7E63BF1CDB03FF /* Frameworks */ = {
			isa = PBXGroup;
			children = (
				6CF7BD999AFA5C911B9F54F9 /* Pods_Concentration.framework */,
			);
			name = Frameworks;
			sourceTree = "<group>";
		};
		71959E3E224E603D008A96DA /* ACTR copy */ = {
			isa = PBXGroup;
			children = (
				71959E3F224E603D008A96DA /* ACTRWindowView.swift */,
				71959E40224E603D008A96DA /* BufferAction.swift */,
				71959E41224E603D008A96DA /* BufferCondition.swift */,
				71959E42224E603D008A96DA /* Chunk.swift */,
				71959E43224E603D008A96DA /* Declarative.swift */,
				71959E44224E603D008A96DA /* FocusRing.swift */,
				71959E45224E603D008A96DA /* Instantiation.swift */,
				71959E46224E603D008A96DA /* Model.swift */,
				71959E47224E603D008A96DA /* Parser.swift */,
				71959E48224E603D008A96DA /* Procedural.swift */,
				71959E49224E603D008A96DA /* Production.swift */,
				71959E4A224E603D008A96DA /* SlotAction.swift */,
				71959E4B224E603D008A96DA /* SlotCondition.swift */,
				71959E4C224E603D008A96DA /* Support.swift */,
				71959E4D224E603D008A96DA /* Temporal.swift */,
				71959E4E224E603D008A96DA /* Tokenizer.swift */,
				71959E4F224E603D008A96DA /* Vision.swift */,
			);
			path = "ACTR copy";
			sourceTree = "<group>";
		};
		FEAF279251EE792C227E0692 /* Pods */ = {
			isa = PBXGroup;
			children = (
				90877ADD02EDE3C7FF5BE8F1 /* Pods-Concentration.debug.xcconfig */,
				081FDFDF5889ACE9A13EDE42 /* Pods-Concentration.release.xcconfig */,
			);
			path = Pods;
			sourceTree = "<group>";
		};
/* End PBXGroup section */

/* Begin PBXNativeTarget section */
		065BCD6422099D340072A656 /* Concentration */ = {
			isa = PBXNativeTarget;
			buildConfigurationList = 065BCD7722099D340072A656 /* Build configuration list for PBXNativeTarget "Concentration" */;
			buildPhases = (
				5575E2EFD5B9797644A1B600 /* [CP] Check Pods Manifest.lock */,
				065BCD6122099D340072A656 /* Sources */,
				065BCD6222099D340072A656 /* Frameworks */,
				065BCD6322099D340072A656 /* Resources */,
				268236A7392D4660BDFB6F50 /* [CP] Embed Pods Frameworks */,
			);
			buildRules = (
			);
			dependencies = (
			);
			name = Concentration;
			productName = Concentration;
			productReference = 065BCD6522099D340072A656 /* Concentration.app */;
			productType = "com.apple.product-type.application";
		};
/* End PBXNativeTarget section */

/* Begin PBXProject section */
		065BCD5D22099D340072A656 /* Project object */ = {
			isa = PBXProject;
			attributes = {
				LastSwiftUpdateCheck = 0900;
				LastUpgradeCheck = 0900;
				ORGANIZATIONNAME = "Daniel Marcos";
				TargetAttributes = {
					065BCD6422099D340072A656 = {
						CreatedOnToolsVersion = 9.0;
						ProvisioningStyle = Automatic;
					};
				};
			};
			buildConfigurationList = 065BCD6022099D340072A656 /* Build configuration list for PBXProject "Concentration" */;
			compatibilityVersion = "Xcode 8.0";
			developmentRegion = en;
			hasScannedForEncodings = 0;
			knownRegions = (
				en,
				Base,
			);
			mainGroup = 065BCD5C22099D340072A656;
			productRefGroup = 065BCD6622099D340072A656 /* Products */;
			projectDirPath = "";
			projectRoot = "";
			targets = (
				065BCD6422099D340072A656 /* Concentration */,
			);
		};
/* End PBXProject section */

/* Begin PBXResourcesBuildPhase section */
		065BCD6322099D340072A656 /* Resources */ = {
			isa = PBXResourcesBuildPhase;
			buildActionMask = 2147483647;
			files = (
				065BCD7322099D340072A656 /* LaunchScreen.storyboard in Resources */,
				065BCD7022099D340072A656 /* Assets.xcassets in Resources */,
				065BCD6E22099D340072A656 /* Main.storyboard in Resources */,
			);
			runOnlyForDeploymentPostprocessing = 0;
		};
/* End PBXResourcesBuildPhase section */

/* Begin PBXShellScriptBuildPhase section */
		268236A7392D4660BDFB6F50 /* [CP] Embed Pods Frameworks */ = {
			isa = PBXShellScriptBuildPhase;
			buildActionMask = 2147483647;
			files = (
			);
			inputPaths = (
				"${PODS_ROOT}/Target Support Files/Pods-Concentration/Pods-Concentration-frameworks.sh",
				"${BUILT_PRODUCTS_DIR}/AudioKit/AudioKit.framework",
			);
			name = "[CP] Embed Pods Frameworks";
			outputPaths = (
				"${TARGET_BUILD_DIR}/${FRAMEWORKS_FOLDER_PATH}/AudioKit.framework",
			);
			runOnlyForDeploymentPostprocessing = 0;
			shellPath = /bin/sh;
			shellScript = "\"${PODS_ROOT}/Target Support Files/Pods-Concentration/Pods-Concentration-frameworks.sh\"\n";
			showEnvVarsInLog = 0;
		};
		5575E2EFD5B9797644A1B600 /* [CP] Check Pods Manifest.lock */ = {
			isa = PBXShellScriptBuildPhase;
			buildActionMask = 2147483647;
			files = (
			);
			inputPaths = (
				"${PODS_PODFILE_DIR_PATH}/Podfile.lock",
				"${PODS_ROOT}/Manifest.lock",
			);
			name = "[CP] Check Pods Manifest.lock";
			outputPaths = (
				"$(DERIVED_FILE_DIR)/Pods-Concentration-checkManifestLockResult.txt",
			);
			runOnlyForDeploymentPostprocessing = 0;
			shellPath = /bin/sh;
			shellScript = "diff \"${PODS_PODFILE_DIR_PATH}/Podfile.lock\" \"${PODS_ROOT}/Manifest.lock\" > /dev/null\nif [ $? != 0 ] ; then\n    # print error to STDERR\n    echo \"error: The sandbox is not in sync with the Podfile.lock. Run 'pod install' or update your CocoaPods installation.\" >&2\n    exit 1\nfi\n# This output is used by Xcode 'outputs' to avoid re-running this script phase.\necho \"SUCCESS\" > \"${SCRIPT_OUTPUT_FILE_0}\"\n";
			showEnvVarsInLog = 0;
		};
/* End PBXShellScriptBuildPhase section */

/* Begin PBXSourcesBuildPhase section */
		065BCD6122099D340072A656 /* Sources */ = {
			isa = PBXSourcesBuildPhase;
			buildActionMask = 2147483647;
			files = (
				71959E5C224E603D008A96DA /* SlotCondition.swift in Sources */,
				719FCB6A2244E643002F72F2 /* ViewController2.swift in Sources */,
				065BCD6B22099D340072A656 /* ViewController.swift in Sources */,
				71959E5B224E603D008A96DA /* SlotAction.swift in Sources */,
				065BCD6922099D340072A656 /* AppDelegate.swift in Sources */,
				71959E52224E603D008A96DA /* BufferCondition.swift in Sources */,
				06EE046F22295FB6007C2332 /* Tuner.swift in Sources */,
				71959E5D224E603D008A96DA /* Support.swift in Sources */,
				71959E50224E603D008A96DA /* ACTRWindowView.swift in Sources */,
				71959E59224E603D008A96DA /* Procedural.swift in Sources */,
				71959E5E224E603D008A96DA /* Temporal.swift in Sources */,
				717EE730223FA7A9003862C8 /* UserInterface.swift in Sources */,
				71959E55224E603D008A96DA /* FocusRing.swift in Sources */,
				716988C9224BC1F2008594F2 /* time_track.swift in Sources */,
				71959E64224E7350008A96DA /* cogmodel.swift in Sources */,
				71959E5F224E603D008A96DA /* Tokenizer.swift in Sources */,
				717B251A224A73C200BFF45C /* ViewController3.swift in Sources */,
				71959E56224E603D008A96DA /* Instantiation.swift in Sources */,
				71959E39224E5F7E008A96DA /* CheckUsers.swift in Sources */,
				7100BF29224E8391009EC50B /* WinnerController.swift in Sources */,
				71959E57224E603D008A96DA /* Model.swift in Sources */,
				71959E5A224E603D008A96DA /* Production.swift in Sources */,
				71959E51224E603D008A96DA /* BufferAction.swift in Sources */,
				71959E60224E603D008A96DA /* Vision.swift in Sources */,
				711FA55C225265F7002A08D8 /* TutorialView.swift in Sources */,
				71959E54224E603D008A96DA /* Declarative.swift in Sources */,
				7100BF25224E7507009EC50B /* Competitor.swift in Sources */,
				71959E53224E603D008A96DA /* Chunk.swift in Sources */,
				7100BF23224E74D1009EC50B /* CompetitionController.swift in Sources */,
				71959E58224E603D008A96DA /* Parser.swift in Sources */,
				7100BF27224E7B1B009EC50B /* CompetingController.swift in Sources */,
				71959E62224E615D008A96DA /* ViewControllerUser.swift in Sources */,
			);
			runOnlyForDeploymentPostprocessing = 0;
		};
/* End PBXSourcesBuildPhase section */

/* Begin PBXVariantGroup section */
		065BCD6C22099D340072A656 /* Main.storyboard */ = {
			isa = PBXVariantGroup;
			children = (
				065BCD6D22099D340072A656 /* Base */,
			);
			name = Main.storyboard;
			sourceTree = "<group>";
		};
		065BCD7122099D340072A656 /* LaunchScreen.storyboard */ = {
			isa = PBXVariantGroup;
			children = (
				065BCD7222099D340072A656 /* Base */,
			);
			name = LaunchScreen.storyboard;
			sourceTree = "<group>";
		};
/* End PBXVariantGroup section */

/* Begin XCBuildConfiguration section */
		065BCD7522099D340072A656 /* Debug */ = {
			isa = XCBuildConfiguration;
			buildSettings = {
				ALWAYS_SEARCH_USER_PATHS = NO;
				CLANG_ANALYZER_NONNULL = YES;
				CLANG_ANALYZER_NUMBER_OBJECT_CONVERSION = YES_AGGRESSIVE;
				CLANG_CXX_LANGUAGE_STANDARD = "gnu++14";
				CLANG_CXX_LIBRARY = "libc++";
				CLANG_ENABLE_MODULES = YES;
				CLANG_ENABLE_OBJC_ARC = YES;
				CLANG_WARN_BLOCK_CAPTURE_AUTORELEASING = YES;
				CLANG_WARN_BOOL_CONVERSION = YES;
				CLANG_WARN_COMMA = YES;
				CLANG_WARN_CONSTANT_CONVERSION = YES;
				CLANG_WARN_DIRECT_OBJC_ISA_USAGE = YES_ERROR;
				CLANG_WARN_DOCUMENTATION_COMMENTS = YES;
				CLANG_WARN_EMPTY_BODY = YES;
				CLANG_WARN_ENUM_CONVERSION = YES;
				CLANG_WARN_INFINITE_RECURSION = YES;
				CLANG_WARN_INT_CONVERSION = YES;
				CLANG_WARN_NON_LITERAL_NULL_CONVERSION = YES;
				CLANG_WARN_OBJC_LITERAL_CONVERSION = YES;
				CLANG_WARN_OBJC_ROOT_CLASS = YES_ERROR;
				CLANG_WARN_RANGE_LOOP_ANALYSIS = YES;
				CLANG_WARN_STRICT_PROTOTYPES = YES;
				CLANG_WARN_SUSPICIOUS_MOVE = YES;
				CLANG_WARN_UNGUARDED_AVAILABILITY = YES_AGGRESSIVE;
				CLANG_WARN_UNREACHABLE_CODE = YES;
				CLANG_WARN__DUPLICATE_METHOD_MATCH = YES;
				CODE_SIGN_IDENTITY = "iPhone Developer";
				COPY_PHASE_STRIP = NO;
				DEBUG_INFORMATION_FORMAT = dwarf;
				ENABLE_STRICT_OBJC_MSGSEND = YES;
				ENABLE_TESTABILITY = YES;
				GCC_C_LANGUAGE_STANDARD = gnu11;
				GCC_DYNAMIC_NO_PIC = NO;
				GCC_NO_COMMON_BLOCKS = YES;
				GCC_OPTIMIZATION_LEVEL = 0;
				GCC_PREPROCESSOR_DEFINITIONS = (
					"DEBUG=1",
					"$(inherited)",
				);
				GCC_WARN_64_TO_32_BIT_CONVERSION = YES;
				GCC_WARN_ABOUT_RETURN_TYPE = YES_ERROR;
				GCC_WARN_UNDECLARED_SELECTOR = YES;
				GCC_WARN_UNINITIALIZED_AUTOS = YES_AGGRESSIVE;
				GCC_WARN_UNUSED_FUNCTION = YES;
				GCC_WARN_UNUSED_VARIABLE = YES;
				IPHONEOS_DEPLOYMENT_TARGET = 11.0;
				MTL_ENABLE_DEBUG_INFO = YES;
				ONLY_ACTIVE_ARCH = YES;
				SDKROOT = iphoneos;
				SWIFT_ACTIVE_COMPILATION_CONDITIONS = DEBUG;
				SWIFT_OPTIMIZATION_LEVEL = "-Onone";
			};
			name = Debug;
		};
		065BCD7622099D340072A656 /* Release */ = {
			isa = XCBuildConfiguration;
			buildSettings = {
				ALWAYS_SEARCH_USER_PATHS = NO;
				CLANG_ANALYZER_NONNULL = YES;
				CLANG_ANALYZER_NUMBER_OBJECT_CONVERSION = YES_AGGRESSIVE;
				CLANG_CXX_LANGUAGE_STANDARD = "gnu++14";
				CLANG_CXX_LIBRARY = "libc++";
				CLANG_ENABLE_MODULES = YES;
				CLANG_ENABLE_OBJC_ARC = YES;
				CLANG_WARN_BLOCK_CAPTURE_AUTORELEASING = YES;
				CLANG_WARN_BOOL_CONVERSION = YES;
				CLANG_WARN_COMMA = YES;
				CLANG_WARN_CONSTANT_CONVERSION = YES;
				CLANG_WARN_DIRECT_OBJC_ISA_USAGE = YES_ERROR;
				CLANG_WARN_DOCUMENTATION_COMMENTS = YES;
				CLANG_WARN_EMPTY_BODY = YES;
				CLANG_WARN_ENUM_CONVERSION = YES;
				CLANG_WARN_INFINITE_RECURSION = YES;
				CLANG_WARN_INT_CONVERSION = YES;
				CLANG_WARN_NON_LITERAL_NULL_CONVERSION = YES;
				CLANG_WARN_OBJC_LITERAL_CONVERSION = YES;
				CLANG_WARN_OBJC_ROOT_CLASS = YES_ERROR;
				CLANG_WARN_RANGE_LOOP_ANALYSIS = YES;
				CLANG_WARN_STRICT_PROTOTYPES = YES;
				CLANG_WARN_SUSPICIOUS_MOVE = YES;
				CLANG_WARN_UNGUARDED_AVAILABILITY = YES_AGGRESSIVE;
				CLANG_WARN_UNREACHABLE_CODE = YES;
				CLANG_WARN__DUPLICATE_METHOD_MATCH = YES;
				CODE_SIGN_IDENTITY = "iPhone Developer";
				COPY_PHASE_STRIP = NO;
				DEBUG_INFORMATION_FORMAT = "dwarf-with-dsym";
				ENABLE_NS_ASSERTIONS = NO;
				ENABLE_STRICT_OBJC_MSGSEND = YES;
				GCC_C_LANGUAGE_STANDARD = gnu11;
				GCC_NO_COMMON_BLOCKS = YES;
				GCC_WARN_64_TO_32_BIT_CONVERSION = YES;
				GCC_WARN_ABOUT_RETURN_TYPE = YES_ERROR;
				GCC_WARN_UNDECLARED_SELECTOR = YES;
				GCC_WARN_UNINITIALIZED_AUTOS = YES_AGGRESSIVE;
				GCC_WARN_UNUSED_FUNCTION = YES;
				GCC_WARN_UNUSED_VARIABLE = YES;
				IPHONEOS_DEPLOYMENT_TARGET = 11.0;
				MTL_ENABLE_DEBUG_INFO = NO;
				SDKROOT = iphoneos;
				SWIFT_OPTIMIZATION_LEVEL = "-Owholemodule";
				VALIDATE_PRODUCT = YES;
			};
			name = Release;
		};
		065BCD7822099D340072A656 /* Debug */ = {
			isa = XCBuildConfiguration;
			baseConfigurationReference = 90877ADD02EDE3C7FF5BE8F1 /* Pods-Concentration.debug.xcconfig */;
			buildSettings = {
				ASSETCATALOG_COMPILER_APPICON_NAME = AppIcon;
				CODE_SIGN_STYLE = Automatic;
				DEVELOPMENT_TEAM = Q3RPZC7AGR;
				INFOPLIST_FILE = Concentration/Info.plist;
				LD_RUNPATH_SEARCH_PATHS = "$(inherited) @executable_path/Frameworks";
				PRODUCT_BUNDLE_IDENTIFIER = dani.marcos.cognitive.modelling.Concentration;
				PRODUCT_NAME = "$(TARGET_NAME)";
				SWIFT_VERSION = 4.0;
				TARGETED_DEVICE_FAMILY = "1,2";
			};
			name = Debug;
		};
		065BCD7922099D340072A656 /* Release */ = {
			isa = XCBuildConfiguration;
			baseConfigurationReference = 081FDFDF5889ACE9A13EDE42 /* Pods-Concentration.release.xcconfig */;
			buildSettings = {
				ASSETCATALOG_COMPILER_APPICON_NAME = AppIcon;
				CODE_SIGN_STYLE = Automatic;
				DEVELOPMENT_TEAM = Q3RPZC7AGR;
				INFOPLIST_FILE = Concentration/Info.plist;
				LD_RUNPATH_SEARCH_PATHS = "$(inherited) @executable_path/Frameworks";
				PRODUCT_BUNDLE_IDENTIFIER = dani.marcos.cognitive.modelling.Concentration;
				PRODUCT_NAME = "$(TARGET_NAME)";
				SWIFT_VERSION = 4.0;
				TARGETED_DEVICE_FAMILY = "1,2";
			};
			name = Release;
		};
/* End XCBuildConfiguration section */

/* Begin XCConfigurationList section */
		065BCD6022099D340072A656 /* Build configuration list for PBXProject "Concentration" */ = {
			isa = XCConfigurationList;
			buildConfigurations = (
				065BCD7522099D340072A656 /* Debug */,
				065BCD7622099D340072A656 /* Release */,
			);
			defaultConfigurationIsVisible = 0;
			defaultConfigurationName = Release;
		};
		065BCD7722099D340072A656 /* Build configuration list for PBXNativeTarget "Concentration" */ = {
			isa = XCConfigurationList;
			buildConfigurations = (
				065BCD7822099D340072A656 /* Debug */,
				065BCD7922099D340072A656 /* Release */,
			);
			defaultConfigurationIsVisible = 0;
			defaultConfigurationName = Release;
		};
/* End XCConfigurationList section */
	};
	rootObject = 065BCD5D22099D340072A656 /* Project object */;
}
